
Microsoft Visual Studio Solution File, Format Version 12.00
# Visual Studio Version 17
VisualStudioVersion = 17.11.35303.130
MinimumVisualStudioVersion = 10.0.40219.1
Project("{FAE04EC0-301F-11D3-BF4B-00C04F79EFBC}") = "lap5", "lap5.csproj", "{969D5E24-EBE3-474B-B173-F68C12F9EBBF}"
EndProject
Global
	GlobalSection(SolutionConfigurationPlatforms) = preSolution
		Debug|Any CPU = Debug|Any CPU
		Release|Any CPU = Release|Any CPU
	EndGlobalSection
	GlobalSection(ProjectConfigurationPlatforms) = postSolution
		{969D5E24-EBE3-474B-B173-F68C12F9EBBF}.Debug|Any CPU.ActiveCfg = Debug|Any CPU
		{969D5E24-EBE3-474B-B173-F68C12F9EBBF}.Debug|Any CPU.Build.0 = Debug|Any CPU
		{969D5E24-EBE3-474B-B173-F68C12F9EBBF}.Release|Any CPU.ActiveCfg = Release|Any CPU
		{969D5E24-EBE3-474B-B173-F68C12F9EBBF}.Release|Any CPU.Build.0 = Release|Any CPU
	EndGlobalSection
	GlobalSection(SolutionProperties) = preSolution
		HideSolutionNode = FALSE
	EndGlobalSection
	GlobalSection(ExtensibilityGlobals) = postSolution
		SolutionGuid = {08FE2BB8-4D57-47D1-8D86-BD07B8EDD554}
	EndGlobalSection
EndGlobal
